
Microsoft Visual Studio Solution File, Format Version 12.00
# Visual Studio 14
VisualStudioVersion = 14.0.25420.1
MinimumVisualStudioVersion = 10.0.40219.1
Project("{FAE04EC0-301F-11D3-BF4B-00C04F79EFBC}") = "DopPlugin", "DopPlugin\DopPlugin.csproj", "{FFFF45B3-7F05-4015-AD2A-99FCB3B87CC6}"
EndProject
Project("{FAE04EC0-301F-11D3-BF4B-00C04F79EFBC}") = "TestWeb", "TestWeb\TestWeb.csproj", "{B053C27F-E6FD-4276-B18C-5E9B384F494C}"
EndProject
Global
	GlobalSection(SolutionConfigurationPlatforms) = preSolution
		Debug|Any CPU = Debug|Any CPU
		Release|Any CPU = Release|Any CPU
	EndGlobalSection
	GlobalSection(ProjectConfigurationPlatforms) = postSolution
		{FFFF45B3-7F05-4015-AD2A-99FCB3B87CC6}.Debug|Any CPU.ActiveCfg = Debug|Any CPU
		{FFFF45B3-7F05-4015-AD2A-99FCB3B87CC6}.Debug|Any CPU.Build.0 = Debug|Any CPU
		{FFFF45B3-7F05-4015-AD2A-99FCB3B87CC6}.Release|Any CPU.ActiveCfg = Release|Any CPU
		{FFFF45B3-7F05-4015-AD2A-99FCB3B87CC6}.Release|Any CPU.Build.0 = Release|Any CPU
		{B053C27F-E6FD-4276-B18C-5E9B384F494C}.Debug|Any CPU.ActiveCfg = Debug|Any CPU
		{B053C27F-E6FD-4276-B18C-5E9B384F494C}.Debug|Any CPU.Build.0 = Debug|Any CPU
		{B053C27F-E6FD-4276-B18C-5E9B384F494C}.Release|Any CPU.ActiveCfg = Release|Any CPU
		{B053C27F-E6FD-4276-B18C-5E9B384F494C}.Release|Any CPU.Build.0 = Release|Any CPU
	EndGlobalSection
	GlobalSection(SolutionProperties) = preSolution
		HideSolutionNode = FALSE
	EndGlobalSection
EndGlobal
